
Microsoft Visual Studio Solution File, Format Version 12.00
# Visual Studio 15
VisualStudioVersion = 15.0.28307.438
MinimumVisualStudioVersion = 10.0.40219.1
Project("{9A19103F-16F7-4668-BE54-9A1E7A4F7556}") = "PlainLambda", "PlainLambda\PlainLambda.csproj", "{427ACAEF-5636-47C9-92BD-77D3FCA5BDB2}"
EndProject
Global
	GlobalSection(SolutionConfigurationPlatforms) = preSolution
		Debug|Any CPU = Debug|Any CPU
		Release|Any CPU = Release|Any CPU
	EndGlobalSection
	GlobalSection(ProjectConfigurationPlatforms) = postSolution
		{427ACAEF-5636-47C9-92BD-77D3FCA5BDB2}.Debug|Any CPU.ActiveCfg = Debug|Any CPU
		{427ACAEF-5636-47C9-92BD-77D3FCA5BDB2}.Debug|Any CPU.Build.0 = Debug|Any CPU
		{427ACAEF-5636-47C9-92BD-77D3FCA5BDB2}.Release|Any CPU.ActiveCfg = Release|Any CPU
		{427ACAEF-5636-47C9-92BD-77D3FCA5BDB2}.Release|Any CPU.Build.0 = Release|Any CPU
	EndGlobalSection
	GlobalSection(SolutionProperties) = preSolution
		HideSolutionNode = FALSE
	EndGlobalSection
	GlobalSection(ExtensibilityGlobals) = postSolution
		SolutionGuid = {EEE07AA0-1752-48E5-84DA-1D0400248FC7}
	EndGlobalSection
EndGlobal
